
Microsoft Visual Studio Solution File, Format Version 12.00
# Visual Studio Version 16
VisualStudioVersion = 25.0.1704.4
MinimumVisualStudioVersion = 10.0.40219.1
Project("{FAE04EC0-301F-11D3-BF4B-00C04F79EFBC}") = "IntroductionTypes", "IntroductionTypes\IntroductionTypes.csproj", "{6AE8BE82-0DC3-4E44-9C88-0C478641E954}"
EndProject
Global
	GlobalSection(SolutionConfigurationPlatforms) = preSolution
		Debug|Any CPU = Debug|Any CPU
		Release|Any CPU = Release|Any CPU
	EndGlobalSection
	GlobalSection(ProjectConfigurationPlatforms) = postSolution
		{6AE8BE82-0DC3-4E44-9C88-0C478641E954}.Debug|Any CPU.ActiveCfg = Debug|Any CPU
		{6AE8BE82-0DC3-4E44-9C88-0C478641E954}.Debug|Any CPU.Build.0 = Debug|Any CPU
		{6AE8BE82-0DC3-4E44-9C88-0C478641E954}.Release|Any CPU.ActiveCfg = Release|Any CPU
		{6AE8BE82-0DC3-4E44-9C88-0C478641E954}.Release|Any CPU.Build.0 = Release|Any CPU
	EndGlobalSection
	GlobalSection(SolutionProperties) = preSolution
		HideSolutionNode = FALSE
	EndGlobalSection
	GlobalSection(ExtensibilityGlobals) = postSolution
		SolutionGuid = {146880BC-37B6-4471-B011-13B0EB82C038}
	EndGlobalSection
EndGlobal
